
Microsoft Visual Studio Solution File, Format Version 12.00
# Visual Studio Version 17
VisualStudioVersion = 17.1.32319.34
MinimumVisualStudioVersion = 10.0.40219.1
Project("{9A19103F-16F7-4668-BE54-9A1E7A4F7556}") = "MindBoxTest", "MindBoxTest\MindBoxTest.csproj", "{16B94BF4-AEF8-4A10-A3BB-91091007F39D}"
EndProject
Project("{FAE04EC0-301F-11D3-BF4B-00C04F79EFBC}") = "MindBoxUnitTests", "MindBoxUnitTests\MindBoxUnitTests.csproj", "{627CF581-84F3-4F5F-BA57-E268714B12DD}"
EndProject
Global
	GlobalSection(SolutionConfigurationPlatforms) = preSolution
		Debug|Any CPU = Debug|Any CPU
		Release|Any CPU = Release|Any CPU
	EndGlobalSection
	GlobalSection(ProjectConfigurationPlatforms) = postSolution
		{16B94BF4-AEF8-4A10-A3BB-91091007F39D}.Debug|Any CPU.ActiveCfg = Debug|Any CPU
		{16B94BF4-AEF8-4A10-A3BB-91091007F39D}.Debug|Any CPU.Build.0 = Debug|Any CPU
		{16B94BF4-AEF8-4A10-A3BB-91091007F39D}.Release|Any CPU.ActiveCfg = Release|Any CPU
		{16B94BF4-AEF8-4A10-A3BB-91091007F39D}.Release|Any CPU.Build.0 = Release|Any CPU
		{627CF581-84F3-4F5F-BA57-E268714B12DD}.Debug|Any CPU.ActiveCfg = Debug|Any CPU
		{627CF581-84F3-4F5F-BA57-E268714B12DD}.Debug|Any CPU.Build.0 = Debug|Any CPU
		{627CF581-84F3-4F5F-BA57-E268714B12DD}.Release|Any CPU.ActiveCfg = Release|Any CPU
		{627CF581-84F3-4F5F-BA57-E268714B12DD}.Release|Any CPU.Build.0 = Release|Any CPU
	EndGlobalSection
	GlobalSection(SolutionProperties) = preSolution
		HideSolutionNode = FALSE
	EndGlobalSection
	GlobalSection(ExtensibilityGlobals) = postSolution
		SolutionGuid = {B666E043-F3CF-473B-9AD6-0568E498D16E}
	EndGlobalSection
EndGlobal
